{
  "version": 4,
  "terraform_version": "1.2.5",
  "serial": 12,
  "lineage": "dcaf8bf5-32db-f8f5-ead2-094de0bb26df",
  "outputs": {},
  "resources": [
    {
      "mode": "managed",
      "type": "aws_iam_role",
      "name": "my_lambda_function",
      "provider": "provider[\"registry.terraform.io/hashicorp/aws\"]",
      "instances": [
        {
          "schema_version": 0,
          "attributes": {
            "arn": "arn:aws:iam::883162859539:role/my_space_AmazonDynamoDBFullAccess_role",
            "assume_role_policy": "{\"Statement\":[{\"Action\":\"sts:AssumeRole\",\"Effect\":\"Allow\",\"Principal\":{\"Service\":\"lambda.amazonaws.com\"},\"Sid\":\"\"}],\"Version\":\"2012-10-17\"}",
            "create_date": "2022-08-02T06:30:15Z",
            "description": "",
            "force_detach_policies": false,
            "id": "my_space_AmazonDynamoDBFullAccess_role",
            "inline_policy": [],
            "managed_policy_arns": [
              "arn:aws:iam::aws:policy/AmazonDynamoDBFullAccess"
            ],
            "max_session_duration": 3600,
            "name": "my_space_AmazonDynamoDBFullAccess_role",
            "name_prefix": "",
            "path": "/",
            "permissions_boundary": null,
            "tags": {},
            "tags_all": {},
            "unique_id": "AROA43IE3ZAJSF3UKKQPX"
          },
          "sensitive_attributes": [],
          "private": "bnVsbA=="
        }
      ]
    },
    {
      "mode": "managed",
      "type": "aws_iam_role_policy_attachment",
      "name": "AmazonDynamoDBFullAccess_excution_policy_attachment",
      "provider": "provider[\"registry.terraform.io/hashicorp/aws\"]",
      "instances": [
        {
          "schema_version": 0,
          "attributes": {
            "id": "my_space_AmazonDynamoDBFullAccess_role-20220802063016989800000001",
            "policy_arn": "arn:aws:iam::aws:policy/AmazonDynamoDBFullAccess",
            "role": "my_space_AmazonDynamoDBFullAccess_role"
          },
          "sensitive_attributes": [],
          "private": "bnVsbA==",
          "dependencies": [
            "aws_iam_role.my_lambda_function"
          ]
        }
      ]
    },
    {
      "mode": "managed",
      "type": "aws_lambda_function",
      "name": "create_first",
      "provider": "provider[\"registry.terraform.io/hashicorp/aws\"]",
      "instances": [
        {
          "schema_version": 0,
          "attributes": {
            "architectures": [
              "x86_64"
            ],
            "arn": "arn:aws:lambda:ap-south-1:883162859539:function:testing_lambda",
            "code_signing_config_arn": "",
            "dead_letter_config": [],
            "description": "",
            "environment": [],
            "ephemeral_storage": [
              {
                "size": 512
              }
            ],
            "file_system_config": [],
            "filename": "../dist/init.zip",
            "function_name": "testing_lambda",
            "handler": "index.handler",
            "id": "testing_lambda",
            "image_config": [],
            "image_uri": "",
            "invoke_arn": "arn:aws:apigateway:ap-south-1:lambda:path/2015-03-31/functions/arn:aws:lambda:ap-south-1:883162859539:function:testing_lambda/invocations",
            "kms_key_arn": "",
            "last_modified": "2022-08-02T07:01:56.256+0000",
            "layers": null,
            "memory_size": 1024,
            "package_type": "Zip",
            "publish": false,
            "qualified_arn": "arn:aws:lambda:ap-south-1:883162859539:function:testing_lambda:$LATEST",
            "reserved_concurrent_executions": -1,
            "role": "arn:aws:iam::883162859539:role/my_space_AmazonDynamoDBFullAccess_role",
            "runtime": "nodejs12.x",
            "s3_bucket": null,
            "s3_key": null,
            "s3_object_version": null,
            "signing_job_arn": "",
            "signing_profile_version_arn": "",
            "source_code_hash": "Epoufdq+Si+tYUpvBFsWQzLzKK4QfasFuB4yY7aKJTI=",
            "source_code_size": 314,
            "tags": null,
            "tags_all": {},
            "timeout": 30,
            "timeouts": null,
            "tracing_config": [
              {
                "mode": "PassThrough"
              }
            ],
            "version": "$LATEST",
            "vpc_config": []
          },
          "sensitive_attributes": [],
          "private": "eyJlMmJmYjczMC1lY2FhLTExZTYtOGY4OC0zNDM2M2JjN2M0YzAiOnsiY3JlYXRlIjo2MDAwMDAwMDAwMDB9fQ==",
          "dependencies": [
            "aws_iam_role.my_lambda_function"
          ]
        }
      ]
    }
  ]
}
